
Microsoft Visual Studio Solution File, Format Version 12.00
# Visual Studio 2015
Project("{FAE04EC0-301F-11D3-BF4B-00C04F79EFBC}") = "Quizz", "Quizz.csproj", "{05C34C74-6EC1-E76E-DFD7-C32554158A28}"
EndProject
Project("{FAE04EC0-301F-11D3-BF4B-00C04F79EFBC}") = "Tests", "Tests.csproj", "{C5327684-5C84-877F-4338-83A05A9EB4AF}"
EndProject
Global
	GlobalSection(SolutionConfigurationPlatforms) = preSolution
		Debug|Any CPU = Debug|Any CPU
		Release|Any CPU = Release|Any CPU
	EndGlobalSection
	GlobalSection(ProjectConfigurationPlatforms) = postSolution
		{05C34C74-6EC1-E76E-DFD7-C32554158A28}.Debug|Any CPU.ActiveCfg = Debug|Any CPU
		{05C34C74-6EC1-E76E-DFD7-C32554158A28}.Debug|Any CPU.Build.0 = Debug|Any CPU
		{05C34C74-6EC1-E76E-DFD7-C32554158A28}.Release|Any CPU.ActiveCfg = Release|Any CPU
		{05C34C74-6EC1-E76E-DFD7-C32554158A28}.Release|Any CPU.Build.0 = Release|Any CPU
		{C5327684-5C84-877F-4338-83A05A9EB4AF}.Debug|Any CPU.ActiveCfg = Debug|Any CPU
		{C5327684-5C84-877F-4338-83A05A9EB4AF}.Debug|Any CPU.Build.0 = Debug|Any CPU
		{C5327684-5C84-877F-4338-83A05A9EB4AF}.Release|Any CPU.ActiveCfg = Release|Any CPU
		{C5327684-5C84-877F-4338-83A05A9EB4AF}.Release|Any CPU.Build.0 = Release|Any CPU
	EndGlobalSection
	GlobalSection(SolutionProperties) = preSolution
		HideSolutionNode = FALSE
	EndGlobalSection
EndGlobal
